
Microsoft Visual Studio Solution File, Format Version 12.00
# Visual Studio Version 17
VisualStudioVersion = 17.5.2.0
MinimumVisualStudioVersion = 10.0.40219.1
Project("{2150E333-8FDC-42A3-9474-1A3956D46DE8}") = "1.4", "1.4", "{3EFD970F-05A8-0632-AB98-023E22987CEA}"
EndProject
Project("{FAE04EC0-301F-11D3-BF4B-00C04F79EFBC}") = "mod", "1.4\.vscode\mod.csproj", "{B590D38E-46EE-F0EC-DD0A-4801B4016442}"
EndProject
Project("{2150E333-8FDC-42A3-9474-1A3956D46DE8}") = "src", "src", "{827E0CD3-B72D-47B6-A68D-7590B98EB39B}"
EndProject
Project("{2150E333-8FDC-42A3-9474-1A3956D46DE8}") = "SSR.Combat.UnityAsset", "SSR.Combat.UnityAsset", "{EDAFC9A0-6F77-B0E5-8EF4-D25AE42220BA}"
EndProject
Project("{FAE04EC0-301F-11D3-BF4B-00C04F79EFBC}") = "Assembly-CSharp-Editor", "src\SSR.Combat.UnityAsset\Assembly-CSharp-Editor.csproj", "{4292AEC0-43A1-1456-F6EE-79F9CA59BDF8}"
EndProject
Project("{FAE04EC0-301F-11D3-BF4B-00C04F79EFBC}") = "Assembly-CSharp", "src\SSR.Combat.UnityAsset\Assembly-CSharp.csproj", "{60F3DB22-FF85-D0E7-F2FA-BD2867167C4E}"
EndProject
Project("{FAE04EC0-301F-11D3-BF4B-00C04F79EFBC}") = "SSR.Combat.UnityAsset", "src\SSR.Combat.UnityAsset\SSR.Combat.UnityAsset.csproj", "{FF0B8996-931E-925B-2DCD-81706E6C3D4B}"
EndProject
Project("{2150E333-8FDC-42A3-9474-1A3956D46DE8}") = "1.6", "1.6", "{1640E604-1C96-E1F8-7D03-C37B102D04BD}"
EndProject
Project("{2150E333-8FDC-42A3-9474-1A3956D46DE8}") = "Source", "Source", "{C24882D8-316D-68B7-6D84-A8431DED26BA}"
EndProject
Project("{FAE04EC0-301F-11D3-BF4B-00C04F79EFBC}") = "SSR.Combat.Offscreen", "1.6\Source\SSR.Combat.Offscreen\SSR.Combat.Offscreen.csproj", "{41FE048A-CD81-44B0-BA38-8800F6B5874E}"
EndProject
Global
	GlobalSection(SolutionConfigurationPlatforms) = preSolution
		Debug|Any CPU = Debug|Any CPU
		Debug|x64 = Debug|x64
		Debug|x86 = Debug|x86
		Release|Any CPU = Release|Any CPU
		Release|x64 = Release|x64
		Release|x86 = Release|x86
	EndGlobalSection
	GlobalSection(ProjectConfigurationPlatforms) = postSolution
		{B590D38E-46EE-F0EC-DD0A-4801B4016442}.Debug|Any CPU.ActiveCfg = Debug|Any CPU
		{B590D38E-46EE-F0EC-DD0A-4801B4016442}.Debug|Any CPU.Build.0 = Debug|Any CPU
		{B590D38E-46EE-F0EC-DD0A-4801B4016442}.Debug|x64.ActiveCfg = Debug|Any CPU
		{B590D38E-46EE-F0EC-DD0A-4801B4016442}.Debug|x64.Build.0 = Debug|Any CPU
		{B590D38E-46EE-F0EC-DD0A-4801B4016442}.Debug|x86.ActiveCfg = Debug|Any CPU
		{B590D38E-46EE-F0EC-DD0A-4801B4016442}.Debug|x86.Build.0 = Debug|Any CPU
		{B590D38E-46EE-F0EC-DD0A-4801B4016442}.Release|Any CPU.ActiveCfg = Release|Any CPU
		{B590D38E-46EE-F0EC-DD0A-4801B4016442}.Release|Any CPU.Build.0 = Release|Any CPU
		{B590D38E-46EE-F0EC-DD0A-4801B4016442}.Release|x64.ActiveCfg = Release|Any CPU
		{B590D38E-46EE-F0EC-DD0A-4801B4016442}.Release|x64.Build.0 = Release|Any CPU
		{B590D38E-46EE-F0EC-DD0A-4801B4016442}.Release|x86.ActiveCfg = Release|Any CPU
		{B590D38E-46EE-F0EC-DD0A-4801B4016442}.Release|x86.Build.0 = Release|Any CPU
		{4292AEC0-43A1-1456-F6EE-79F9CA59BDF8}.Debug|Any CPU.ActiveCfg = Debug|Any CPU
		{4292AEC0-43A1-1456-F6EE-79F9CA59BDF8}.Debug|Any CPU.Build.0 = Debug|Any CPU
		{4292AEC0-43A1-1456-F6EE-79F9CA59BDF8}.Debug|x64.ActiveCfg = Debug|Any CPU
		{4292AEC0-43A1-1456-F6EE-79F9CA59BDF8}.Debug|x64.Build.0 = Debug|Any CPU
		{4292AEC0-43A1-1456-F6EE-79F9CA59BDF8}.Debug|x86.ActiveCfg = Debug|Any CPU
		{4292AEC0-43A1-1456-F6EE-79F9CA59BDF8}.Debug|x86.Build.0 = Debug|Any CPU
		{4292AEC0-43A1-1456-F6EE-79F9CA59BDF8}.Release|Any CPU.ActiveCfg = Release|Any CPU
		{4292AEC0-43A1-1456-F6EE-79F9CA59BDF8}.Release|Any CPU.Build.0 = Release|Any CPU
		{4292AEC0-43A1-1456-F6EE-79F9CA59BDF8}.Release|x64.ActiveCfg = Release|Any CPU
		{4292AEC0-43A1-1456-F6EE-79F9CA59BDF8}.Release|x64.Build.0 = Release|Any CPU
		{4292AEC0-43A1-1456-F6EE-79F9CA59BDF8}.Release|x86.ActiveCfg = Release|Any CPU
		{4292AEC0-43A1-1456-F6EE-79F9CA59BDF8}.Release|x86.Build.0 = Release|Any CPU
		{60F3DB22-FF85-D0E7-F2FA-BD2867167C4E}.Debug|Any CPU.ActiveCfg = Debug|Any CPU
		{60F3DB22-FF85-D0E7-F2FA-BD2867167C4E}.Debug|Any CPU.Build.0 = Debug|Any CPU
		{60F3DB22-FF85-D0E7-F2FA-BD2867167C4E}.Debug|x64.ActiveCfg = Debug|Any CPU
		{60F3DB22-FF85-D0E7-F2FA-BD2867167C4E}.Debug|x64.Build.0 = Debug|Any CPU
		{60F3DB22-FF85-D0E7-F2FA-BD2867167C4E}.Debug|x86.ActiveCfg = Debug|Any CPU
		{60F3DB22-FF85-D0E7-F2FA-BD2867167C4E}.Debug|x86.Build.0 = Debug|Any CPU
		{60F3DB22-FF85-D0E7-F2FA-BD2867167C4E}.Release|Any CPU.ActiveCfg = Release|Any CPU
		{60F3DB22-FF85-D0E7-F2FA-BD2867167C4E}.Release|Any CPU.Build.0 = Release|Any CPU
		{60F3DB22-FF85-D0E7-F2FA-BD2867167C4E}.Release|x64.ActiveCfg = Release|Any CPU
		{60F3DB22-FF85-D0E7-F2FA-BD2867167C4E}.Release|x64.Build.0 = Release|Any CPU
		{60F3DB22-FF85-D0E7-F2FA-BD2867167C4E}.Release|x86.ActiveCfg = Release|Any CPU
		{60F3DB22-FF85-D0E7-F2FA-BD2867167C4E}.Release|x86.Build.0 = Release|Any CPU
		{FF0B8996-931E-925B-2DCD-81706E6C3D4B}.Debug|Any CPU.ActiveCfg = Debug|Any CPU
		{FF0B8996-931E-925B-2DCD-81706E6C3D4B}.Debug|Any CPU.Build.0 = Debug|Any CPU
		{FF0B8996-931E-925B-2DCD-81706E6C3D4B}.Debug|x64.ActiveCfg = Debug|Any CPU
		{FF0B8996-931E-925B-2DCD-81706E6C3D4B}.Debug|x64.Build.0 = Debug|Any CPU
		{FF0B8996-931E-925B-2DCD-81706E6C3D4B}.Debug|x86.ActiveCfg = Debug|Any CPU
		{FF0B8996-931E-925B-2DCD-81706E6C3D4B}.Debug|x86.Build.0 = Debug|Any CPU
		{FF0B8996-931E-925B-2DCD-81706E6C3D4B}.Release|Any CPU.ActiveCfg = Release|Any CPU
		{FF0B8996-931E-925B-2DCD-81706E6C3D4B}.Release|Any CPU.Build.0 = Release|Any CPU
		{FF0B8996-931E-925B-2DCD-81706E6C3D4B}.Release|x64.ActiveCfg = Release|Any CPU
		{FF0B8996-931E-925B-2DCD-81706E6C3D4B}.Release|x64.Build.0 = Release|Any CPU
		{FF0B8996-931E-925B-2DCD-81706E6C3D4B}.Release|x86.ActiveCfg = Release|Any CPU
		{FF0B8996-931E-925B-2DCD-81706E6C3D4B}.Release|x86.Build.0 = Release|Any CPU
		{41FE048A-CD81-44B0-BA38-8800F6B5874E}.Debug|Any CPU.ActiveCfg = Debug|Any CPU
		{41FE048A-CD81-44B0-BA38-8800F6B5874E}.Debug|Any CPU.Build.0 = Debug|Any CPU
		{41FE048A-CD81-44B0-BA38-8800F6B5874E}.Debug|x64.ActiveCfg = Debug|Any CPU
		{41FE048A-CD81-44B0-BA38-8800F6B5874E}.Debug|x64.Build.0 = Debug|Any CPU
		{41FE048A-CD81-44B0-BA38-8800F6B5874E}.Debug|x86.ActiveCfg = Debug|Any CPU
		{41FE048A-CD81-44B0-BA38-8800F6B5874E}.Debug|x86.Build.0 = Debug|Any CPU
		{41FE048A-CD81-44B0-BA38-8800F6B5874E}.Release|Any CPU.ActiveCfg = Release|Any CPU
		{41FE048A-CD81-44B0-BA38-8800F6B5874E}.Release|Any CPU.Build.0 = Release|Any CPU
		{41FE048A-CD81-44B0-BA38-8800F6B5874E}.Release|x64.ActiveCfg = Release|Any CPU
		{41FE048A-CD81-44B0-BA38-8800F6B5874E}.Release|x64.Build.0 = Release|Any CPU
		{41FE048A-CD81-44B0-BA38-8800F6B5874E}.Release|x86.ActiveCfg = Release|Any CPU
		{41FE048A-CD81-44B0-BA38-8800F6B5874E}.Release|x86.Build.0 = Release|Any CPU
	EndGlobalSection
	GlobalSection(SolutionProperties) = preSolution
		HideSolutionNode = FALSE
	EndGlobalSection
	GlobalSection(NestedProjects) = preSolution
		{B590D38E-46EE-F0EC-DD0A-4801B4016442} = {3EFD970F-05A8-0632-AB98-023E22987CEA}
		{EDAFC9A0-6F77-B0E5-8EF4-D25AE42220BA} = {827E0CD3-B72D-47B6-A68D-7590B98EB39B}
		{4292AEC0-43A1-1456-F6EE-79F9CA59BDF8} = {EDAFC9A0-6F77-B0E5-8EF4-D25AE42220BA}
		{60F3DB22-FF85-D0E7-F2FA-BD2867167C4E} = {EDAFC9A0-6F77-B0E5-8EF4-D25AE42220BA}
		{FF0B8996-931E-925B-2DCD-81706E6C3D4B} = {827E0CD3-B72D-47B6-A68D-7590B98EB39B}
		{C24882D8-316D-68B7-6D84-A8431DED26BA} = {1640E604-1C96-E1F8-7D03-C37B102D04BD}
		{41FE048A-CD81-44B0-BA38-8800F6B5874E} = {C24882D8-316D-68B7-6D84-A8431DED26BA}
	EndGlobalSection
	GlobalSection(ExtensibilityGlobals) = postSolution
		SolutionGuid = {2D643951-C318-4C0B-9595-036A00846BC2}
	EndGlobalSection
EndGlobal
