Microsoft Visual Studio Solution File, Format Version 12.00
# Visual Studio Version 17
VisualStudioVersion = 17.5.2.0
MinimumVisualStudioVersion = 10.0.40219.1
Project("{2150E333-8FDC-42A3-9474-1A3956D46DE8}") = "1.4", "1.4", "{3EFD970F-05A8-0632-AB98-023E22987CEA}"
EndProject
Project("{FAE04EC0-301F-11D3-BF4B-00C04F79EFBC}") = "mod", "1.4\.vscode\mod.csproj", "{B590D38E-46EE-F0EC-DD0A-4801B4016442}"
EndProject
Global
	GlobalSection(SolutionConfigurationPlatforms) = preSolution
		Debug|Any CPU = Debug|Any CPU
		Release|Any CPU = Release|Any CPU
	EndGlobalSection
	GlobalSection(ProjectConfigurationPlatforms) = postSolution
		{B590D38E-46EE-F0EC-DD0A-4801B4016442}.Debug|Any CPU.ActiveCfg = Debug|Any CPU
		{B590D38E-46EE-F0EC-DD0A-4801B4016442}.Debug|Any CPU.Build.0 = Debug|Any CPU
		{B590D38E-46EE-F0EC-DD0A-4801B4016442}.Release|Any CPU.ActiveCfg = Release|Any CPU
		{B590D38E-46EE-F0EC-DD0A-4801B4016442}.Release|Any CPU.Build.0 = Release|Any CPU
	EndGlobalSection
	GlobalSection(SolutionProperties) = preSolution
		HideSolutionNode = FALSE
	EndGlobalSection
	GlobalSection(NestedProjects) = preSolution
		{B590D38E-46EE-F0EC-DD0A-4801B4016442} = {3EFD970F-05A8-0632-AB98-023E22987CEA}
	EndGlobalSection
	GlobalSection(ExtensibilityGlobals) = postSolution
		SolutionGuid = {2D643951-C318-4C0B-9595-036A00846BC2}
	EndGlobalSection
EndGlobal
